// !$*UTF8*$!
{
	archiveVersion = 1;
	classes = {
	};
	objectVersion = 48;
	objects = {

/* Begin PBXBuildFile section */
		EF233B782002F94500AB7A34 /* AppDelegate.swift in Sources */ = {isa = PBXBuildFile; fileRef = EF233B772002F94500AB7A34 /* AppDelegate.swift */; };
		EF233B7A2002F94500AB7A34 /* ViewController.swift in Sources */ = {isa = PBXBuildFile; fileRef = EF233B792002F94500AB7A34 /* ViewController.swift */; };
		EF233B7D2002F94600AB7A34 /* Main.storyboard in Resources */ = {isa = PBXBuildFile; fileRef = EF233B7B2002F94600AB7A34 /* Main.storyboard */; };
		EF233B7F2002F94600AB7A34 /* Assets.xcassets in Resources */ = {isa = PBXBuildFile; fileRef = EF233B7E2002F94600AB7A34 /* Assets.xcassets */; };
		EF233B822002F94600AB7A34 /* LaunchScreen.storyboard in Resources */ = {isa = PBXBuildFile; fileRef = EF233B802002F94600AB7A34 /* LaunchScreen.storyboard */; };
		EF233B8D2002F94600AB7A34 /* helloiosTests.swift in Sources */ = {isa = PBXBuildFile; fileRef = EF233B8C2002F94600AB7A34 /* helloiosTests.swift */; };
		EF233B982002F94600AB7A34 /* helloiosUITests.swift in Sources */ = {isa = PBXBuildFile; fileRef = EF233B972002F94600AB7A34 /* helloiosUITests.swift */; };
/* End PBXBuildFile section */

/* Begin PBXContainerItemProxy section */
		EF233B892002F94600AB7A34 /* PBXContainerItemProxy */ = {
			isa = PBXContainerItemProxy;
			containerPortal = EF233B6C2002F94500AB7A34 /* Project object */;
			proxyType = 1;
			remoteGlobalIDString = EF233B732002F94500AB7A34;
			remoteInfo = helloios;
		};
		EF233B942002F94600AB7A34 /* PBXContainerItemProxy */ = {
			isa = PBXContainerItemProxy;
			containerPortal = EF233B6C2002F94500AB7A34 /* Project object */;
			proxyType = 1;
			remoteGlobalIDString = EF233B732002F94500AB7A34;
			remoteInfo = helloios;
		};
/* End PBXContainerItemProxy section */

/* Begin PBXFileReference section */
		EF233B742002F94500AB7A34 /* helloios.app */ = {isa = PBXFileReference; explicitFileType = wrapper.application; includeInIndex = 0; path = helloios.app; sourceTree = BUILT_PRODUCTS_DIR; };
		EF233B772002F94500AB7A34 /* AppDelegate.swift */ = {isa = PBXFileReference; lastKnownFileType = sourcecode.swift; path = AppDelegate.swift; sourceTree = "<group>"; };
		EF233B792002F94500AB7A34 /* ViewController.swift */ = {isa = PBXFileReference; lastKnownFileType = sourcecode.swift; path = ViewController.swift; sourceTree = "<group>"; };
		EF233B7C2002F94600AB7A34 /* Base */ = {isa = PBXFileReference; lastKnownFileType = file.storyboard; name = Base; path = Base.lproj/Main.storyboard; sourceTree = "<group>"; };
		EF233B7E2002F94600AB7A34 /* Assets.xcassets */ = {isa = PBXFileReference; lastKnownFileType = folder.assetcatalog; path = Assets.xcassets; sourceTree = "<group>"; };
		EF233B812002F94600AB7A34 /* Base */ = {isa = PBXFileReference; lastKnownFileType = file.storyboard; name = Base; path = Base.lproj/LaunchScreen.storyboard; sourceTree = "<group>"; };
		EF233B832002F94600AB7A34 /* Info.plist */ = {isa = PBXFileReference; lastKnownFileType = text.plist.xml; path = Info.plist; sourceTree = "<group>"; };
		EF233B882002F94600AB7A34 /* helloiosTests.xctest */ = {isa = PBXFileReference; explicitFileType = wrapper.cfbundle; includeInIndex = 0; path = helloiosTests.xctest; sourceTree = BUILT_PRODUCTS_DIR; };
		EF233B8C2002F94600AB7A34 /* helloiosTests.swift */ = {isa = PBXFileReference; lastKnownFileType = sourcecode.swift; path = helloiosTests.swift; sourceTree = "<group>"; };
		EF233B8E2002F94600AB7A34 /* Info.plist */ = {isa = PBXFileReference; lastKnownFileType = text.plist.xml; path = Info.plist; sourceTree = "<group>"; };
		EF233B932002F94600AB7A34 /* helloiosUITests.xctest */ = {isa = PBXFileReference; explicitFileType = wrapper.cfbundle; includeInIndex = 0; path = helloiosUITests.xctest; sourceTree = BUILT_PRODUCTS_DIR; };
		EF233B972002F94600AB7A34 /* helloiosUITests.swift */ = {isa = PBXFileReference; lastKnownFileType = sourcecode.swift; path = helloiosUITests.swift; sourceTree = "<group>"; };
		EF233B992002F94600AB7A34 /* Info.plist */ = {isa = PBXFileReference; lastKnownFileType = text.plist.xml; path = Info.plist; sourceTree = "<group>"; };
/* End PBXFileReference section */

/* Begin PBXFrameworksBuildPhase section */
		EF233B712002F94500AB7A34 /* Frameworks */ = {
			isa = PBXFrameworksBuildPhase;
			buildActionMask = 2147483647;
			files = (
			);
			runOnlyForDeploymentPostprocessing = 0;
		};
		EF233B852002F94600AB7A34 /* Frameworks */ = {
			isa = PBXFrameworksBuildPhase;
			buildActionMask = 2147483647;
			files = (
			);
			runOnlyForDeploymentPostprocessing = 0;
		};
		EF233B902002F94600AB7A34 /* Frameworks */ = {
			isa = PBXFrameworksBuildPhase;
			buildActionMask = 2147483647;
			files = (
			);
			runOnlyForDeploymentPostprocessing = 0;
		};
/* End PBXFrameworksBuildPhase section */

/* Begin PBXGroup section */
		EF233B6B2002F94500AB7A34 = {
			isa = PBXGroup;
			children = (
				EF233B762002F94500AB7A34 /* helloios */,
				EF233B8B2002F94600AB7A34 /* helloiosTests */,
				EF233B962002F94600AB7A34 /* helloiosUITests */,
				EF233B752002F94500AB7A34 /* Products */,
			);
			sourceTree = "<group>";
		};
		EF233B752002F94500AB7A34 /* Products */ = {
			isa = PBXGroup;
			children = (
				EF233B742002F94500AB7A34 /* helloios.app */,
				EF233B882002F94600AB7A34 /* helloiosTests.xctest */,
				EF233B932002F94600AB7A34 /* helloiosUITests.xctest */,
			);
			name = Products;
			sourceTree = "<group>";
		};
		EF233B762002F94500AB7A34 /* helloios */ = {
			isa = PBXGroup;
			children = (
				EF233B772002F94500AB7A34 /* AppDelegate.swift */,
				EF233B792002F94500AB7A34 /* ViewController.swift */,
				EF233B7B2002F94600AB7A34 /* Main.storyboard */,
				EF233B7E2002F94600AB7A34 /* Assets.xcassets */,
				EF233B802002F94600AB7A34 /* LaunchScreen.storyboard */,
				EF233B832002F94600AB7A34 /* Info.plist */,
			);
			path = helloios;
			sourceTree = "<group>";
		};
		EF233B8B2002F94600AB7A34 /* helloiosTests */ = {
			isa = PBXGroup;
			children = (
				EF233B8C2002F94600AB7A34 /* helloiosTests.swift */,
				EF233B8E2002F94600AB7A34 /* Info.plist */,
			);
			path = helloiosTests;
			sourceTree = "<group>";
		};
		EF233B962002F94600AB7A34 /* helloiosUITests */ = {
			isa = PBXGroup;
			children = (
				EF233B972002F94600AB7A34 /* helloiosUITests.swift */,
				EF233B992002F94600AB7A34 /* Info.plist */,
			);
			path = helloiosUITests;
			sourceTree = "<group>";
		};
/* End PBXGroup section */

/* Begin PBXNativeTarget section */
		EF233B732002F94500AB7A34 /* helloios */ = {
			isa = PBXNativeTarget;
			buildConfigurationList = EF233B9C2002F94600AB7A34 /* Build configuration list for PBXNativeTarget "helloios" */;
			buildPhases = (
				EF233B702002F94500AB7A34 /* Sources */,
				EF233B712002F94500AB7A34 /* Frameworks */,
				EF233B722002F94500AB7A34 /* Resources */,
			);
			buildRules = (
			);
			dependencies = (
			);
			name = helloios;
			productName = helloios;
			productReference = EF233B742002F94500AB7A34 /* helloios.app */;
			productType = "com.apple.product-type.application";
		};
		EF233B872002F94600AB7A34 /* helloiosTests */ = {
			isa = PBXNativeTarget;
			buildConfigurationList = EF233B9F2002F94600AB7A34 /* Build configuration list for PBXNativeTarget "helloiosTests" */;
			buildPhases = (
				EF233B842002F94600AB7A34 /* Sources */,
				EF233B852002F94600AB7A34 /* Frameworks */,
				EF233B862002F94600AB7A34 /* Resources */,
			);
			buildRules = (
			);
			dependencies = (
				EF233B8A2002F94600AB7A34 /* PBXTargetDependency */,
			);
			name = helloiosTests;
			productName = helloiosTests;
			productReference = EF233B882002F94600AB7A34 /* helloiosTests.xctest */;
			productType = "com.apple.product-type.bundle.unit-test";
		};
		EF233B922002F94600AB7A34 /* helloiosUITests */ = {
			isa = PBXNativeTarget;
			buildConfigurationList = EF233BA22002F94600AB7A34 /* Build configuration list for PBXNativeTarget "helloiosUITests" */;
			buildPhases = (
				EF233B8F2002F94600AB7A34 /* Sources */,
				EF233B902002F94600AB7A34 /* Frameworks */,
				EF233B912002F94600AB7A34 /* Resources */,
			);
			buildRules = (
			);
			dependencies = (
				EF233B952002F94600AB7A34 /* PBXTargetDependency */,
			);
			name = helloiosUITests;
			productName = helloiosUITests;
			productReference = EF233B932002F94600AB7A34 /* helloiosUITests.xctest */;
			productType = "com.apple.product-type.bundle.ui-testing";
		};
/* End PBXNativeTarget section */

/* Begin PBXProject section */
		EF233B6C2002F94500AB7A34 /* Project object */ = {
			isa = PBXProject;
			attributes = {
				LastSwiftUpdateCheck = 0920;
				LastUpgradeCheck = 0920;
				ORGANIZATIONNAME = "Christy Lu";
				TargetAttributes = {
					EF233B732002F94500AB7A34 = {
						CreatedOnToolsVersion = 9.2;
						ProvisioningStyle = Automatic;
					};
					EF233B872002F94600AB7A34 = {
						CreatedOnToolsVersion = 9.2;
						ProvisioningStyle = Automatic;
						TestTargetID = EF233B732002F94500AB7A34;
					};
					EF233B922002F94600AB7A34 = {
						CreatedOnToolsVersion = 9.2;
						ProvisioningStyle = Automatic;
						TestTargetID = EF233B732002F94500AB7A34;
					};
				};
			};
			buildConfigurationList = EF233B6F2002F94500AB7A34 /* Build configuration list for PBXProject "helloios" */;
			compatibilityVersion = "Xcode 8.0";
			developmentRegion = en;
			hasScannedForEncodings = 0;
			knownRegions = (
				en,
				Base,
			);
			mainGroup = EF233B6B2002F94500AB7A34;
			productRefGroup = EF233B752002F94500AB7A34 /* Products */;
			projectDirPath = "";
			projectRoot = "";
			targets = (
				EF233B732002F94500AB7A34 /* helloios */,
				EF233B872002F94600AB7A34 /* helloiosTests */,
				EF233B922002F94600AB7A34 /* helloiosUITests */,
			);
		};
/* End PBXProject section */

/* Begin PBXResourcesBuildPhase section */
		EF233B722002F94500AB7A34 /* Resources */ = {
			isa = PBXResourcesBuildPhase;
			buildActionMask = 2147483647;
			files = (
				EF233B822002F94600AB7A34 /* LaunchScreen.storyboard in Resources */,
				EF233B7F2002F94600AB7A34 /* Assets.xcassets in Resources */,
				EF233B7D2002F94600AB7A34 /* Main.storyboard in Resources */,
			);
			runOnlyForDeploymentPostprocessing = 0;
		};
		EF233B862002F94600AB7A34 /* Resources */ = {
			isa = PBXResourcesBuildPhase;
			buildActionMask = 2147483647;
			files = (
			);
			runOnlyForDeploymentPostprocessing = 0;
		};
		EF233B912002F94600AB7A34 /* Resources */ = {
			isa = PBXResourcesBuildPhase;
			buildActionMask = 2147483647;
			files = (
			);
			runOnlyForDeploymentPostprocessing = 0;
		};
/* End PBXResourcesBuildPhase section */

/* Begin PBXSourcesBuildPhase section */
		EF233B702002F94500AB7A34 /* Sources */ = {
			isa = PBXSourcesBuildPhase;
			buildActionMask = 2147483647;
			files = (
				EF233B7A2002F94500AB7A34 /* ViewController.swift in Sources */,
				EF233B782002F94500AB7A34 /* AppDelegate.swift in Sources */,
			);
			runOnlyForDeploymentPostprocessing = 0;
		};
		EF233B842002F94600AB7A34 /* Sources */ = {
			isa = PBXSourcesBuildPhase;
			buildActionMask = 2147483647;
			files = (
				EF233B8D2002F94600AB7A34 /* helloiosTests.swift in Sources */,
			);
			runOnlyForDeploymentPostprocessing = 0;
		};
		EF233B8F2002F94600AB7A34 /* Sources */ = {
			isa = PBXSourcesBuildPhase;
			buildActionMask = 2147483647;
			files = (
				EF233B982002F94600AB7A34 /* helloiosUITests.swift in Sources */,
			);
			runOnlyForDeploymentPostprocessing = 0;
		};
/* End PBXSourcesBuildPhase section */

/* Begin PBXTargetDependency section */
		EF233B8A2002F94600AB7A34 /* PBXTargetDependency */ = {
			isa = PBXTargetDependency;
			target = EF233B732002F94500AB7A34 /* helloios */;
			targetProxy = EF233B892002F94600AB7A34 /* PBXContainerItemProxy */;
		};
		EF233B952002F94600AB7A34 /* PBXTargetDependency */ = {
			isa = PBXTargetDependency;
			target = EF233B732002F94500AB7A34 /* helloios */;
			targetProxy = EF233B942002F94600AB7A34 /* PBXContainerItemProxy */;
		};
/* End PBXTargetDependency section */

/* Begin PBXVariantGroup section */
		EF233B7B2002F94600AB7A34 /* Main.storyboard */ = {
			isa = PBXVariantGroup;
			children = (
				EF233B7C2002F94600AB7A34 /* Base */,
			);
			name = Main.storyboard;
			sourceTree = "<group>";
		};
		EF233B802002F94600AB7A34 /* LaunchScreen.storyboard */ = {
			isa = PBXVariantGroup;
			children = (
				EF233B812002F94600AB7A34 /* Base */,
			);
			name = LaunchScreen.storyboard;
			sourceTree = "<group>";
		};
/* End PBXVariantGroup section */

/* Begin XCBuildConfiguration section */
		EF233B9A2002F94600AB7A34 /* Debug */ = {
			isa = XCBuildConfiguration;
			buildSettings = {
				ALWAYS_SEARCH_USER_PATHS = NO;
				CLANG_ANALYZER_NONNULL = YES;
				CLANG_ANALYZER_NUMBER_OBJECT_CONVERSION = YES_AGGRESSIVE;
				CLANG_CXX_LANGUAGE_STANDARD = "gnu++14";
				CLANG_CXX_LIBRARY = "libc++";
				CLANG_ENABLE_MODULES = YES;
				CLANG_ENABLE_OBJC_ARC = YES;
				CLANG_WARN_BLOCK_CAPTURE_AUTORELEASING = YES;
				CLANG_WARN_BOOL_CONVERSION = YES;
				CLANG_WARN_COMMA = YES;
				CLANG_WARN_CONSTANT_CONVERSION = YES;
				CLANG_WARN_DIRECT_OBJC_ISA_USAGE = YES_ERROR;
				CLANG_WARN_DOCUMENTATION_COMMENTS = YES;
				CLANG_WARN_EMPTY_BODY = YES;
				CLANG_WARN_ENUM_CONVERSION = YES;
				CLANG_WARN_INFINITE_RECURSION = YES;
				CLANG_WARN_INT_CONVERSION = YES;
				CLANG_WARN_NON_LITERAL_NULL_CONVERSION = YES;
				CLANG_WARN_OBJC_LITERAL_CONVERSION = YES;
				CLANG_WARN_OBJC_ROOT_CLASS = YES_ERROR;
				CLANG_WARN_RANGE_LOOP_ANALYSIS = YES;
				CLANG_WARN_STRICT_PROTOTYPES = YES;
				CLANG_WARN_SUSPICIOUS_MOVE = YES;
				CLANG_WARN_UNGUARDED_AVAILABILITY = YES_AGGRESSIVE;
				CLANG_WARN_UNREACHABLE_CODE = YES;
				CLANG_WARN__DUPLICATE_METHOD_MATCH = YES;
				CODE_SIGN_IDENTITY = "iPhone Developer";
				COPY_PHASE_STRIP = NO;
				DEBUG_INFORMATION_FORMAT = dwarf;
				ENABLE_STRICT_OBJC_MSGSEND = YES;
				ENABLE_TESTABILITY = YES;
				GCC_C_LANGUAGE_STANDARD = gnu11;
				GCC_DYNAMIC_NO_PIC = NO;
				GCC_NO_COMMON_BLOCKS = YES;
				GCC_OPTIMIZATION_LEVEL = 0;
				GCC_PREPROCESSOR_DEFINITIONS = (
					"DEBUG=1",
					"$(inherited)",
				);
				GCC_WARN_64_TO_32_BIT_CONVERSION = YES;
				GCC_WARN_ABOUT_RETURN_TYPE = YES_ERROR;
				GCC_WARN_UNDECLARED_SELECTOR = YES;
				GCC_WARN_UNINITIALIZED_AUTOS = YES_AGGRESSIVE;
				GCC_WARN_UNUSED_FUNCTION = YES;
				GCC_WARN_UNUSED_VARIABLE = YES;
				IPHONEOS_DEPLOYMENT_TARGET = 11.2;
				MTL_ENABLE_DEBUG_INFO = YES;
				ONLY_ACTIVE_ARCH = YES;
				SDKROOT = iphoneos;
				SWIFT_ACTIVE_COMPILATION_CONDITIONS = DEBUG;
				SWIFT_OPTIMIZATION_LEVEL = "-Onone";
			};
			name = Debug;
		};
		EF233B9B2002F94600AB7A34 /* Release */ = {
			isa = XCBuildConfiguration;
			buildSettings = {
				ALWAYS_SEARCH_USER_PATHS = NO;
				CLANG_ANALYZER_NONNULL = YES;
				CLANG_ANALYZER_NUMBER_OBJECT_CONVERSION = YES_AGGRESSIVE;
				CLANG_CXX_LANGUAGE_STANDARD = "gnu++14";
				CLANG_CXX_LIBRARY = "libc++";
				CLANG_ENABLE_MODULES = YES;
				CLANG_ENABLE_OBJC_ARC = YES;
				CLANG_WARN_BLOCK_CAPTURE_AUTORELEASING = YES;
				CLANG_WARN_BOOL_CONVERSION = YES;
				CLANG_WARN_COMMA = YES;
				CLANG_WARN_CONSTANT_CONVERSION = YES;
				CLANG_WARN_DIRECT_OBJC_ISA_USAGE = YES_ERROR;
				CLANG_WARN_DOCUMENTATION_COMMENTS = YES;
				CLANG_WARN_EMPTY_BODY = YES;
				CLANG_WARN_ENUM_CONVERSION = YES;
				CLANG_WARN_INFINITE_RECURSION = YES;
				CLANG_WARN_INT_CONVERSION = YES;
				CLANG_WARN_NON_LITERAL_NULL_CONVERSION = YES;
				CLANG_WARN_OBJC_LITERAL_CONVERSION = YES;
				CLANG_WARN_OBJC_ROOT_CLASS = YES_ERROR;
				CLANG_WARN_RANGE_LOOP_ANALYSIS = YES;
				CLANG_WARN_STRICT_PROTOTYPES = YES;
				CLANG_WARN_SUSPICIOUS_MOVE = YES;
				CLANG_WARN_UNGUARDED_AVAILABILITY = YES_AGGRESSIVE;
				CLANG_WARN_UNREACHABLE_CODE = YES;
				CLANG_WARN__DUPLICATE_METHOD_MATCH = YES;
				CODE_SIGN_IDENTITY = "iPhone Developer";
				COPY_PHASE_STRIP = NO;
				DEBUG_INFORMATION_FORMAT = "dwarf-with-dsym";
				ENABLE_NS_ASSERTIONS = NO;
				ENABLE_STRICT_OBJC_MSGSEND = YES;
				GCC_C_LANGUAGE_STANDARD = gnu11;
				GCC_NO_COMMON_BLOCKS = YES;
				GCC_WARN_64_TO_32_BIT_CONVERSION = YES;
				GCC_WARN_ABOUT_RETURN_TYPE = YES_ERROR;
				GCC_WARN_UNDECLARED_SELECTOR = YES;
				GCC_WARN_UNINITIALIZED_AUTOS = YES_AGGRESSIVE;
				GCC_WARN_UNUSED_FUNCTION = YES;
				GCC_WARN_UNUSED_VARIABLE = YES;
				IPHONEOS_DEPLOYMENT_TARGET = 11.2;
				MTL_ENABLE_DEBUG_INFO = NO;
				SDKROOT = iphoneos;
				SWIFT_OPTIMIZATION_LEVEL = "-Owholemodule";
				VALIDATE_PRODUCT = YES;
			};
			name = Release;
		};
		EF233B9D2002F94600AB7A34 /* Debug */ = {
			isa = XCBuildConfiguration;
			buildSettings = {
				ASSETCATALOG_COMPILER_APPICON_NAME = AppIcon;
				CODE_SIGN_IDENTITY = "iPhone Developer";
				CODE_SIGN_STYLE = Automatic;
				DEVELOPMENT_TEAM = 875MU62SGG;
				INFOPLIST_FILE = helloios/Info.plist;
				IPHONEOS_DEPLOYMENT_TARGET = 10.3;
				LD_RUNPATH_SEARCH_PATHS = "$(inherited) @executable_path/Frameworks";
				PRODUCT_BUNDLE_IDENTIFIER = edu.uw.washington.hyl9.helloios.helloios;
				PRODUCT_NAME = "$(TARGET_NAME)";
				SWIFT_VERSION = 4.0;
				TARGETED_DEVICE_FAMILY = "1,2";
			};
			name = Debug;
		};
		EF233B9E2002F94600AB7A34 /* Release */ = {
			isa = XCBuildConfiguration;
			buildSettings = {
				ASSETCATALOG_COMPILER_APPICON_NAME = AppIcon;
				CODE_SIGN_IDENTITY = "iPhone Developer";
				CODE_SIGN_STYLE = Automatic;
				DEVELOPMENT_TEAM = 875MU62SGG;
				INFOPLIST_FILE = helloios/Info.plist;
				IPHONEOS_DEPLOYMENT_TARGET = 10.3;
				LD_RUNPATH_SEARCH_PATHS = "$(inherited) @executable_path/Frameworks";
				PRODUCT_BUNDLE_IDENTIFIER = edu.uw.washington.hyl9.helloios.helloios;
				PRODUCT_NAME = "$(TARGET_NAME)";
				SWIFT_VERSION = 4.0;
				TARGETED_DEVICE_FAMILY = "1,2";
			};
			name = Release;
		};
		EF233BA02002F94600AB7A34 /* Debug */ = {
			isa = XCBuildConfiguration;
			buildSettings = {
				ALWAYS_EMBED_SWIFT_STANDARD_LIBRARIES = YES;
				BUNDLE_LOADER = "$(TEST_HOST)";
				CODE_SIGN_STYLE = Automatic;
				INFOPLIST_FILE = helloiosTests/Info.plist;
				LD_RUNPATH_SEARCH_PATHS = "$(inherited) @executable_path/Frameworks @loader_path/Frameworks";
				PRODUCT_BUNDLE_IDENTIFIER = edu.uw.washington.hyl9.helloios.helloiosTests;
				PRODUCT_NAME = "$(TARGET_NAME)";
				SWIFT_VERSION = 4.0;
				TARGETED_DEVICE_FAMILY = "1,2";
				TEST_HOST = "$(BUILT_PRODUCTS_DIR)/helloios.app/helloios";
			};
			name = Debug;
		};
		EF233BA12002F94600AB7A34 /* Release */ = {
			isa = XCBuildConfiguration;
			buildSettings = {
				ALWAYS_EMBED_SWIFT_STANDARD_LIBRARIES = YES;
				BUNDLE_LOADER = "$(TEST_HOST)";
				CODE_SIGN_STYLE = Automatic;
				INFOPLIST_FILE = helloiosTests/Info.plist;
				LD_RUNPATH_SEARCH_PATHS = "$(inherited) @executable_path/Frameworks @loader_path/Frameworks";
				PRODUCT_BUNDLE_IDENTIFIER = edu.uw.washington.hyl9.helloios.helloiosTests;
				PRODUCT_NAME = "$(TARGET_NAME)";
				SWIFT_VERSION = 4.0;
				TARGETED_DEVICE_FAMILY = "1,2";
				TEST_HOST = "$(BUILT_PRODUCTS_DIR)/helloios.app/helloios";
			};
			name = Release;
		};
		EF233BA32002F94600AB7A34 /* Debug */ = {
			isa = XCBuildConfiguration;
			buildSettings = {
				ALWAYS_EMBED_SWIFT_STANDARD_LIBRARIES = YES;
				CODE_SIGN_STYLE = Automatic;
				INFOPLIST_FILE = helloiosUITests/Info.plist;
				LD_RUNPATH_SEARCH_PATHS = "$(inherited) @executable_path/Frameworks @loader_path/Frameworks";
				PRODUCT_BUNDLE_IDENTIFIER = edu.uw.washington.hyl9.helloios.helloiosUITests;
				PRODUCT_NAME = "$(TARGET_NAME)";
				SWIFT_VERSION = 4.0;
				TARGETED_DEVICE_FAMILY = "1,2";
				TEST_TARGET_NAME = helloios;
			};
			name = Debug;
		};
		EF233BA42002F94600AB7A34 /* Release */ = {
			isa = XCBuildConfiguration;
			buildSettings = {
				ALWAYS_EMBED_SWIFT_STANDARD_LIBRARIES = YES;
				CODE_SIGN_STYLE = Automatic;
				INFOPLIST_FILE = helloiosUITests/Info.plist;
				LD_RUNPATH_SEARCH_PATHS = "$(inherited) @executable_path/Frameworks @loader_path/Frameworks";
				PRODUCT_BUNDLE_IDENTIFIER = edu.uw.washington.hyl9.helloios.helloiosUITests;
				PRODUCT_NAME = "$(TARGET_NAME)";
				SWIFT_VERSION = 4.0;
				TARGETED_DEVICE_FAMILY = "1,2";
				TEST_TARGET_NAME = helloios;
			};
			name = Release;
		};
/* End XCBuildConfiguration section */

/* Begin XCConfigurationList section */
		EF233B6F2002F94500AB7A34 /* Build configuration list for PBXProject "helloios" */ = {
			isa = XCConfigurationList;
			buildConfigurations = (
				EF233B9A2002F94600AB7A34 /* Debug */,
				EF233B9B2002F94600AB7A34 /* Release */,
			);
			defaultConfigurationIsVisible = 0;
			defaultConfigurationName = Release;
		};
		EF233B9C2002F94600AB7A34 /* Build configuration list for PBXNativeTarget "helloios" */ = {
			isa = XCConfigurationList;
			buildConfigurations = (
				EF233B9D2002F94600AB7A34 /* Debug */,
				EF233B9E2002F94600AB7A34 /* Release */,
			);
			defaultConfigurationIsVisible = 0;
			defaultConfigurationName = Release;
		};
		EF233B9F2002F94600AB7A34 /* Build configuration list for PBXNativeTarget "helloiosTests" */ = {
			isa = XCConfigurationList;
			buildConfigurations = (
				EF233BA02002F94600AB7A34 /* Debug */,
				EF233BA12002F94600AB7A34 /* Release */,
			);
			defaultConfigurationIsVisible = 0;
			defaultConfigurationName = Release;
		};
		EF233BA22002F94600AB7A34 /* Build configuration list for PBXNativeTarget "helloiosUITests" */ = {
			isa = XCConfigurationList;
			buildConfigurations = (
				EF233BA32002F94600AB7A34 /* Debug */,
				EF233BA42002F94600AB7A34 /* Release */,
			);
			defaultConfigurationIsVisible = 0;
			defaultConfigurationName = Release;
		};
/* End XCConfigurationList section */
	};
	rootObject = EF233B6C2002F94500AB7A34 /* Project object */;
}
